
Microsoft Visual Studio Solution File, Format Version 12.00
Project("{FAE04EC0-301F-11D3-BF4B-00C04F79EFBC}") = "Dentalsystem", "Dentalsystem.csproj", "{19632474-6535-4121-9AAD-E542EAD3B139}"
EndProject
Global
	GlobalSection(SolutionConfigurationPlatforms) = preSolution
		Debug|Any CPU = Debug|Any CPU
		Release|Any CPU = Release|Any CPU
	EndGlobalSection
	GlobalSection(ProjectConfigurationPlatforms) = postSolution
		{19632474-6535-4121-9AAD-E542EAD3B139}.Debug|Any CPU.ActiveCfg = Debug|Any CPU
		{19632474-6535-4121-9AAD-E542EAD3B139}.Debug|Any CPU.Build.0 = Debug|Any CPU
		{19632474-6535-4121-9AAD-E542EAD3B139}.Release|Any CPU.ActiveCfg = Release|Any CPU
		{19632474-6535-4121-9AAD-E542EAD3B139}.Release|Any CPU.Build.0 = Release|Any CPU
	EndGlobalSection
EndGlobal
